// !$*UTF8*$!
{
	archiveVersion = 1;
	classes = {
	};
	objectVersion = 46;
	objects = {

/* Begin PBXBuildFile section */
		2E22097D1CE90481002BF7EB /* AppDelegate.swift in Sources */ = {isa = PBXBuildFile; fileRef = 2E22097C1CE90481002BF7EB /* AppDelegate.swift */; };
		2E22097F1CE90481002BF7EB /* ViewController.swift in Sources */ = {isa = PBXBuildFile; fileRef = 2E22097E1CE90481002BF7EB /* ViewController.swift */; };
		2E2209821CE90481002BF7EB /* Main.storyboard in Resources */ = {isa = PBXBuildFile; fileRef = 2E2209801CE90481002BF7EB /* Main.storyboard */; };
		2E2209841CE90481002BF7EB /* Assets.xcassets in Resources */ = {isa = PBXBuildFile; fileRef = 2E2209831CE90481002BF7EB /* Assets.xcassets */; };
		2E2209871CE90481002BF7EB /* LaunchScreen.storyboard in Resources */ = {isa = PBXBuildFile; fileRef = 2E2209851CE90481002BF7EB /* LaunchScreen.storyboard */; };
		2E22098F1CE90779002BF7EB /* SunEvent.swift in Sources */ = {isa = PBXBuildFile; fileRef = 2E22098E1CE90779002BF7EB /* SunEvent.swift */; };
/* End PBXBuildFile section */

/* Begin PBXFileReference section */
		2E2209791CE90481002BF7EB /* Nox.app */ = {isa = PBXFileReference; explicitFileType = wrapper.application; includeInIndex = 0; path = Nox.app; sourceTree = BUILT_PRODUCTS_DIR; };
		2E22097C1CE90481002BF7EB /* AppDelegate.swift */ = {isa = PBXFileReference; lastKnownFileType = sourcecode.swift; path = AppDelegate.swift; sourceTree = "<group>"; };
		2E22097E1CE90481002BF7EB /* ViewController.swift */ = {isa = PBXFileReference; lastKnownFileType = sourcecode.swift; path = ViewController.swift; sourceTree = "<group>"; };
		2E2209811CE90481002BF7EB /* Base */ = {isa = PBXFileReference; lastKnownFileType = file.storyboard; name = Base; path = Base.lproj/Main.storyboard; sourceTree = "<group>"; };
		2E2209831CE90481002BF7EB /* Assets.xcassets */ = {isa = PBXFileReference; lastKnownFileType = folder.assetcatalog; path = Assets.xcassets; sourceTree = "<group>"; };
		2E2209861CE90481002BF7EB /* Base */ = {isa = PBXFileReference; lastKnownFileType = file.storyboard; name = Base; path = Base.lproj/LaunchScreen.storyboard; sourceTree = "<group>"; };
		2E2209881CE90481002BF7EB /* Info.plist */ = {isa = PBXFileReference; lastKnownFileType = text.plist.xml; path = Info.plist; sourceTree = "<group>"; };
		2E22098E1CE90779002BF7EB /* SunEvent.swift */ = {isa = PBXFileReference; fileEncoding = 4; lastKnownFileType = sourcecode.swift; path = SunEvent.swift; sourceTree = "<group>"; };
/* End PBXFileReference section */

/* Begin PBXFrameworksBuildPhase section */
		2E2209761CE90481002BF7EB /* Frameworks */ = {
			isa = PBXFrameworksBuildPhase;
			buildActionMask = 2147483647;
			files = (
			);
			runOnlyForDeploymentPostprocessing = 0;
		};
/* End PBXFrameworksBuildPhase section */

/* Begin PBXGroup section */
		2E2209701CE90481002BF7EB = {
			isa = PBXGroup;
			children = (
				2E22097B1CE90481002BF7EB /* Nox */,
				2E22097A1CE90481002BF7EB /* Products */,
			);
			sourceTree = "<group>";
		};
		2E22097A1CE90481002BF7EB /* Products */ = {
			isa = PBXGroup;
			children = (
				2E2209791CE90481002BF7EB /* Nox.app */,
			);
			name = Products;
			sourceTree = "<group>";
		};
		2E22097B1CE90481002BF7EB /* Nox */ = {
			isa = PBXGroup;
			children = (
				2E22097C1CE90481002BF7EB /* AppDelegate.swift */,
				2E22097E1CE90481002BF7EB /* ViewController.swift */,
				2E2209901CE907B1002BF7EB /* Models */,
				2E2209801CE90481002BF7EB /* Main.storyboard */,
				2E2209831CE90481002BF7EB /* Assets.xcassets */,
				2E2209851CE90481002BF7EB /* LaunchScreen.storyboard */,
				2E2209881CE90481002BF7EB /* Info.plist */,
			);
			path = Nox;
			sourceTree = "<group>";
		};
		2E2209901CE907B1002BF7EB /* Models */ = {
			isa = PBXGroup;
			children = (
				2E22098E1CE90779002BF7EB /* SunEvent.swift */,
			);
			name = Models;
			sourceTree = "<group>";
		};
/* End PBXGroup section */

/* Begin PBXNativeTarget section */
		2E2209781CE90481002BF7EB /* Nox */ = {
			isa = PBXNativeTarget;
			buildConfigurationList = 2E22098B1CE90481002BF7EB /* Build configuration list for PBXNativeTarget "Nox" */;
			buildPhases = (
				2E2209751CE90481002BF7EB /* Sources */,
				2E2209761CE90481002BF7EB /* Frameworks */,
				2E2209771CE90481002BF7EB /* Resources */,
			);
			buildRules = (
			);
			dependencies = (
			);
			name = Nox;
			productName = Nox;
			productReference = 2E2209791CE90481002BF7EB /* Nox.app */;
			productType = "com.apple.product-type.application";
		};
/* End PBXNativeTarget section */

/* Begin PBXProject section */
		2E2209711CE90481002BF7EB /* Project object */ = {
			isa = PBXProject;
			attributes = {
				LastSwiftUpdateCheck = 0730;
				LastUpgradeCheck = 0730;
				ORGANIZATIONNAME = "Chase McCoy";
				TargetAttributes = {
					2E2209781CE90481002BF7EB = {
						CreatedOnToolsVersion = 7.3;
					};
				};
			};
			buildConfigurationList = 2E2209741CE90481002BF7EB /* Build configuration list for PBXProject "Nox" */;
			compatibilityVersion = "Xcode 3.2";
			developmentRegion = English;
			hasScannedForEncodings = 0;
			knownRegions = (
				en,
				Base,
			);
			mainGroup = 2E2209701CE90481002BF7EB;
			productRefGroup = 2E22097A1CE90481002BF7EB /* Products */;
			projectDirPath = "";
			projectRoot = "";
			targets = (
				2E2209781CE90481002BF7EB /* Nox */,
			);
		};
/* End PBXProject section */

/* Begin PBXResourcesBuildPhase section */
		2E2209771CE90481002BF7EB /* Resources */ = {
			isa = PBXResourcesBuildPhase;
			buildActionMask = 2147483647;
			files = (
				2E2209871CE90481002BF7EB /* LaunchScreen.storyboard in Resources */,
				2E2209841CE90481002BF7EB /* Assets.xcassets in Resources */,
				2E2209821CE90481002BF7EB /* Main.storyboard in Resources */,
			);
			runOnlyForDeploymentPostprocessing = 0;
		};
/* End PBXResourcesBuildPhase section */

/* Begin PBXSourcesBuildPhase section */
		2E2209751CE90481002BF7EB /* Sources */ = {
			isa = PBXSourcesBuildPhase;
			buildActionMask = 2147483647;
			files = (
				2E22098F1CE90779002BF7EB /* SunEvent.swift in Sources */,
				2E22097F1CE90481002BF7EB /* ViewController.swift in Sources */,
				2E22097D1CE90481002BF7EB /* AppDelegate.swift in Sources */,
			);
			runOnlyForDeploymentPostprocessing = 0;
		};
/* End PBXSourcesBuildPhase section */

/* Begin PBXVariantGroup section */
		2E2209801CE90481002BF7EB /* Main.storyboard */ = {
			isa = PBXVariantGroup;
			children = (
				2E2209811CE90481002BF7EB /* Base */,
			);
			name = Main.storyboard;
			sourceTree = "<group>";
		};
		2E2209851CE90481002BF7EB /* LaunchScreen.storyboard */ = {
			isa = PBXVariantGroup;
			children = (
				2E2209861CE90481002BF7EB /* Base */,
			);
			name = LaunchScreen.storyboard;
			sourceTree = "<group>";
		};
/* End PBXVariantGroup section */

/* Begin XCBuildConfiguration section */
		2E2209891CE90481002BF7EB /* Debug */ = {
			isa = XCBuildConfiguration;
			buildSettings = {
				ALWAYS_SEARCH_USER_PATHS = NO;
				CLANG_ANALYZER_NONNULL = YES;
				CLANG_CXX_LANGUAGE_STANDARD = "gnu++0x";
				CLANG_CXX_LIBRARY = "libc++";
				CLANG_ENABLE_MODULES = YES;
				CLANG_ENABLE_OBJC_ARC = YES;
				CLANG_WARN_BOOL_CONVERSION = YES;
				CLANG_WARN_CONSTANT_CONVERSION = YES;
				CLANG_WARN_DIRECT_OBJC_ISA_USAGE = YES_ERROR;
				CLANG_WARN_EMPTY_BODY = YES;
				CLANG_WARN_ENUM_CONVERSION = YES;
				CLANG_WARN_INT_CONVERSION = YES;
				CLANG_WARN_OBJC_ROOT_CLASS = YES_ERROR;
				CLANG_WARN_UNREACHABLE_CODE = YES;
				CLANG_WARN__DUPLICATE_METHOD_MATCH = YES;
				"CODE_SIGN_IDENTITY[sdk=iphoneos*]" = "iPhone Developer";
				COPY_PHASE_STRIP = NO;
				DEBUG_INFORMATION_FORMAT = dwarf;
				ENABLE_STRICT_OBJC_MSGSEND = YES;
				ENABLE_TESTABILITY = YES;
				GCC_C_LANGUAGE_STANDARD = gnu99;
				GCC_DYNAMIC_NO_PIC = NO;
				GCC_NO_COMMON_BLOCKS = YES;
				GCC_OPTIMIZATION_LEVEL = 0;
				GCC_PREPROCESSOR_DEFINITIONS = (
					"DEBUG=1",
					"$(inherited)",
				);
				GCC_WARN_64_TO_32_BIT_CONVERSION = YES;
				GCC_WARN_ABOUT_RETURN_TYPE = YES_ERROR;
				GCC_WARN_UNDECLARED_SELECTOR = YES;
				GCC_WARN_UNINITIALIZED_AUTOS = YES_AGGRESSIVE;
				GCC_WARN_UNUSED_FUNCTION = YES;
				GCC_WARN_UNUSED_VARIABLE = YES;
				IPHONEOS_DEPLOYMENT_TARGET = 9.3;
				MTL_ENABLE_DEBUG_INFO = YES;
				ONLY_ACTIVE_ARCH = YES;
				SDKROOT = iphoneos;
				SWIFT_OPTIMIZATION_LEVEL = "-Onone";
			};
			name = Debug;
		};
		2E22098A1CE90481002BF7EB /* Release */ = {
			isa = XCBuildConfiguration;
			buildSettings = {
				ALWAYS_SEARCH_USER_PATHS = NO;
				CLANG_ANALYZER_NONNULL = YES;
				CLANG_CXX_LANGUAGE_STANDARD = "gnu++0x";
				CLANG_CXX_LIBRARY = "libc++";
				CLANG_ENABLE_MODULES = YES;
				CLANG_ENABLE_OBJC_ARC = YES;
				CLANG_WARN_BOOL_CONVERSION = YES;
				CLANG_WARN_CONSTANT_CONVERSION = YES;
				CLANG_WARN_DIRECT_OBJC_ISA_USAGE = YES_ERROR;
				CLANG_WARN_EMPTY_BODY = YES;
				CLANG_WARN_ENUM_CONVERSION = YES;
				CLANG_WARN_INT_CONVERSION = YES;
				CLANG_WARN_OBJC_ROOT_CLASS = YES_ERROR;
				CLANG_WARN_UNREACHABLE_CODE = YES;
				CLANG_WARN__DUPLICATE_METHOD_MATCH = YES;
				"CODE_SIGN_IDENTITY[sdk=iphoneos*]" = "iPhone Developer";
				COPY_PHASE_STRIP = NO;
				DEBUG_INFORMATION_FORMAT = "dwarf-with-dsym";
				ENABLE_NS_ASSERTIONS = NO;
				ENABLE_STRICT_OBJC_MSGSEND = YES;
				GCC_C_LANGUAGE_STANDARD = gnu99;
				GCC_NO_COMMON_BLOCKS = YES;
				GCC_WARN_64_TO_32_BIT_CONVERSION = YES;
				GCC_WARN_ABOUT_RETURN_TYPE = YES_ERROR;
				GCC_WARN_UNDECLARED_SELECTOR = YES;
				GCC_WARN_UNINITIALIZED_AUTOS = YES_AGGRESSIVE;
				GCC_WARN_UNUSED_FUNCTION = YES;
				GCC_WARN_UNUSED_VARIABLE = YES;
				IPHONEOS_DEPLOYMENT_TARGET = 9.3;
				MTL_ENABLE_DEBUG_INFO = NO;
				SDKROOT = iphoneos;
				VALIDATE_PRODUCT = YES;
			};
			name = Release;
		};
		2E22098C1CE90481002BF7EB /* Debug */ = {
			isa = XCBuildConfiguration;
			buildSettings = {
				ASSETCATALOG_COMPILER_APPICON_NAME = AppIcon;
				INFOPLIST_FILE = Nox/Info.plist;
				LD_RUNPATH_SEARCH_PATHS = "$(inherited) @executable_path/Frameworks";
				PRODUCT_BUNDLE_IDENTIFIER = com.chasemccoy.Sunset;
				PRODUCT_NAME = "$(TARGET_NAME)";
			};
			name = Debug;
		};
		2E22098D1CE90481002BF7EB /* Release */ = {
			isa = XCBuildConfiguration;
			buildSettings = {
				ASSETCATALOG_COMPILER_APPICON_NAME = AppIcon;
				INFOPLIST_FILE = Nox/Info.plist;
				LD_RUNPATH_SEARCH_PATHS = "$(inherited) @executable_path/Frameworks";
				PRODUCT_BUNDLE_IDENTIFIER = com.chasemccoy.Sunset;
				PRODUCT_NAME = "$(TARGET_NAME)";
			};
			name = Release;
		};
/* End XCBuildConfiguration section */

/* Begin XCConfigurationList section */
		2E2209741CE90481002BF7EB /* Build configuration list for PBXProject "Nox" */ = {
			isa = XCConfigurationList;
			buildConfigurations = (
				2E2209891CE90481002BF7EB /* Debug */,
				2E22098A1CE90481002BF7EB /* Release */,
			);
			defaultConfigurationIsVisible = 0;
			defaultConfigurationName = Release;
		};
		2E22098B1CE90481002BF7EB /* Build configuration list for PBXNativeTarget "Nox" */ = {
			isa = XCConfigurationList;
			buildConfigurations = (
				2E22098C1CE90481002BF7EB /* Debug */,
				2E22098D1CE90481002BF7EB /* Release */,
			);
			defaultConfigurationIsVisible = 0;
		};
/* End XCConfigurationList section */
	};
	rootObject = 2E2209711CE90481002BF7EB /* Project object */;
}
