// !$*UTF8*$!
{
	archiveVersion = 1;
	classes = {
	};
	objectVersion = 46;
	objects = {

/* Begin PBXBuildFile section */
		1A96F80942B79EF8142A025F /* Pods_Nox.framework in Frameworks */ = {isa = PBXBuildFile; fileRef = E21844BA665F791144B84E2F /* Pods_Nox.framework */; };
		1B0AD4BBE688839BC57FFFBD /* Pods_Nox_Widget.framework in Frameworks */ = {isa = PBXBuildFile; fileRef = F97A622C1DE9AA469003C6CC /* Pods_Nox_Widget.framework */; };
		2E038F871CFA5F7D00C3E97C /* AppDelegate.swift in Sources */ = {isa = PBXBuildFile; fileRef = 2E038F861CFA5F7D00C3E97C /* AppDelegate.swift */; };
		2E038F8E1CFA5F7D00C3E97C /* Assets.xcassets in Resources */ = {isa = PBXBuildFile; fileRef = 2E038F8D1CFA5F7D00C3E97C /* Assets.xcassets */; };
		2E038F911CFA5F7D00C3E97C /* LaunchScreen.storyboard in Resources */ = {isa = PBXBuildFile; fileRef = 2E038F8F1CFA5F7D00C3E97C /* LaunchScreen.storyboard */; };
		2E5322D81CFB7C6B009DC03D /* AppCoordinator.swift in Sources */ = {isa = PBXBuildFile; fileRef = 2E5322D71CFB7C6B009DC03D /* AppCoordinator.swift */; };
		2E5322DA1CFB7E4C009DC03D /* Theme.swift in Sources */ = {isa = PBXBuildFile; fileRef = 2E5322D91CFB7E4C009DC03D /* Theme.swift */; };
		2E5322DD1CFB7F65009DC03D /* MainViewController.swift in Sources */ = {isa = PBXBuildFile; fileRef = 2E5322DB1CFB7F65009DC03D /* MainViewController.swift */; };
		2E5322DE1CFB7F65009DC03D /* MainViewController.xib in Resources */ = {isa = PBXBuildFile; fileRef = 2E5322DC1CFB7F65009DC03D /* MainViewController.xib */; };
		2E5322E11CFB9074009DC03D /* CoreLocation.framework in Frameworks */ = {isa = PBXBuildFile; fileRef = 2E5322E01CFB9074009DC03D /* CoreLocation.framework */; };
		2E5322E31CFB9081009DC03D /* Location Manager.swift in Sources */ = {isa = PBXBuildFile; fileRef = 2E5322E21CFB9081009DC03D /* Location Manager.swift */; };
		2ECB3A711D3C326B007A1F77 /* PreviousSunEventView.xib in Resources */ = {isa = PBXBuildFile; fileRef = 2ECB3A701D3C326B007A1F77 /* PreviousSunEventView.xib */; };
		2ECB3A731D3C328E007A1F77 /* PreviousSunEventView.swift in Sources */ = {isa = PBXBuildFile; fileRef = 2ECB3A721D3C328E007A1F77 /* PreviousSunEventView.swift */; };
		D81295071CFB7ECF00FF39BA /* SunEvent.swift in Sources */ = {isa = PBXBuildFile; fileRef = D81295061CFB7ECF00FF39BA /* SunEvent.swift */; };
		D812950A1CFB940E00FF39BA /* Strings.swift in Sources */ = {isa = PBXBuildFile; fileRef = D81295091CFB940E00FF39BA /* Strings.swift */; };
		D88A683E1D1CCD5B00926725 /* SettingsViewController.swift in Sources */ = {isa = PBXBuildFile; fileRef = D88A683C1D1CCD5B00926725 /* SettingsViewController.swift */; };
		D88A683F1D1CCD5B00926725 /* SettingsViewController.xib in Resources */ = {isa = PBXBuildFile; fileRef = D88A683D1D1CCD5B00926725 /* SettingsViewController.xib */; };
		D88A68421D25FC8100926725 /* SettingsCoordinator.swift in Sources */ = {isa = PBXBuildFile; fileRef = D88A68411D25FC8100926725 /* SettingsCoordinator.swift */; };
		D88A68451D260AEE00926725 /* NotificationCustomizationViewController.swift in Sources */ = {isa = PBXBuildFile; fileRef = D88A68431D260AEE00926725 /* NotificationCustomizationViewController.swift */; };
		D88A68461D260AEE00926725 /* NotificationCustomizationViewController.xib in Resources */ = {isa = PBXBuildFile; fileRef = D88A68441D260AEE00926725 /* NotificationCustomizationViewController.xib */; };
		D88A68491D282BC100926725 /* NotificationCustomizationCollectionViewExtras.swift in Sources */ = {isa = PBXBuildFile; fileRef = D88A68481D282BC100926725 /* NotificationCustomizationCollectionViewExtras.swift */; };
		D88A684C1D282DF800926725 /* NotificationCustomizationCollectionViewCell.swift in Sources */ = {isa = PBXBuildFile; fileRef = D88A684A1D282DF800926725 /* NotificationCustomizationCollectionViewCell.swift */; };
		D88A684D1D282DF800926725 /* NotificationCustomizationCollectionViewCell.xib in Resources */ = {isa = PBXBuildFile; fileRef = D88A684B1D282DF800926725 /* NotificationCustomizationCollectionViewCell.xib */; };
		D8C9C5C41D3190B000FC14EE /* AboutViewController.swift in Sources */ = {isa = PBXBuildFile; fileRef = D8C9C5C21D3190B000FC14EE /* AboutViewController.swift */; };
		D8C9C5C51D3190B000FC14EE /* AboutViewController.xib in Resources */ = {isa = PBXBuildFile; fileRef = D8C9C5C31D3190B000FC14EE /* AboutViewController.xib */; };
		D8C9C5C81D3190CC00FC14EE /* CreditsViewController.swift in Sources */ = {isa = PBXBuildFile; fileRef = D8C9C5C61D3190CC00FC14EE /* CreditsViewController.swift */; };
		D8C9C5C91D3190CC00FC14EE /* CreditsViewController.xib in Resources */ = {isa = PBXBuildFile; fileRef = D8C9C5C71D3190CC00FC14EE /* CreditsViewController.xib */; };
		D8FD3EA51D4E7EF40029AF20 /* NotificationCenter.framework in Frameworks */ = {isa = PBXBuildFile; fileRef = D8FD3EA41D4E7EF40029AF20 /* NotificationCenter.framework */; };
		D8FD3EA81D4E7EF40029AF20 /* TodayViewController.swift in Sources */ = {isa = PBXBuildFile; fileRef = D8FD3EA71D4E7EF40029AF20 /* TodayViewController.swift */; };
		D8FD3EAB1D4E7EF40029AF20 /* MainInterface.storyboard in Resources */ = {isa = PBXBuildFile; fileRef = D8FD3EA91D4E7EF40029AF20 /* MainInterface.storyboard */; };
		D8FD3EAF1D4E7EF40029AF20 /* Nox Widget.appex in Embed App Extensions */ = {isa = PBXBuildFile; fileRef = D8FD3EA31D4E7EF40029AF20 /* Nox Widget.appex */; settings = {ATTRIBUTES = (RemoveHeadersOnCopy, ); }; };
		D8FD3EB41D4E7F2C0029AF20 /* SunEvent.swift in Sources */ = {isa = PBXBuildFile; fileRef = D81295061CFB7ECF00FF39BA /* SunEvent.swift */; };
		D8FD3EB51D4E7F2F0029AF20 /* Strings.swift in Sources */ = {isa = PBXBuildFile; fileRef = D81295091CFB940E00FF39BA /* Strings.swift */; };
		D8FD3EB61D4E7F3B0029AF20 /* Theme.swift in Sources */ = {isa = PBXBuildFile; fileRef = 2E5322D91CFB7E4C009DC03D /* Theme.swift */; };
/* End PBXBuildFile section */

/* Begin PBXContainerItemProxy section */
		D8FD3EAD1D4E7EF40029AF20 /* PBXContainerItemProxy */ = {
			isa = PBXContainerItemProxy;
			containerPortal = 2E038F7B1CFA5F7D00C3E97C /* Project object */;
			proxyType = 1;
			remoteGlobalIDString = D8FD3EA21D4E7EF40029AF20;
			remoteInfo = "Nox Widget";
		};
/* End PBXContainerItemProxy section */

/* Begin PBXCopyFilesBuildPhase section */
		D8FD3EB31D4E7EF40029AF20 /* Embed App Extensions */ = {
			isa = PBXCopyFilesBuildPhase;
			buildActionMask = 2147483647;
			dstPath = "";
			dstSubfolderSpec = 13;
			files = (
				D8FD3EAF1D4E7EF40029AF20 /* Nox Widget.appex in Embed App Extensions */,
			);
			name = "Embed App Extensions";
			runOnlyForDeploymentPostprocessing = 0;
		};
/* End PBXCopyFilesBuildPhase section */

/* Begin PBXFileReference section */
		2E038F831CFA5F7D00C3E97C /* Nox.app */ = {isa = PBXFileReference; explicitFileType = wrapper.application; includeInIndex = 0; path = Nox.app; sourceTree = BUILT_PRODUCTS_DIR; };
		2E038F861CFA5F7D00C3E97C /* AppDelegate.swift */ = {isa = PBXFileReference; lastKnownFileType = sourcecode.swift; path = AppDelegate.swift; sourceTree = "<group>"; };
		2E038F8D1CFA5F7D00C3E97C /* Assets.xcassets */ = {isa = PBXFileReference; lastKnownFileType = folder.assetcatalog; path = Assets.xcassets; sourceTree = "<group>"; };
		2E038F901CFA5F7D00C3E97C /* Base */ = {isa = PBXFileReference; lastKnownFileType = file.storyboard; name = Base; path = Base.lproj/LaunchScreen.storyboard; sourceTree = "<group>"; };
		2E038F921CFA5F7D00C3E97C /* Info.plist */ = {isa = PBXFileReference; lastKnownFileType = text.plist.xml; path = Info.plist; sourceTree = "<group>"; };
		2E5322D71CFB7C6B009DC03D /* AppCoordinator.swift */ = {isa = PBXFileReference; fileEncoding = 4; lastKnownFileType = sourcecode.swift; path = AppCoordinator.swift; sourceTree = "<group>"; };
		2E5322D91CFB7E4C009DC03D /* Theme.swift */ = {isa = PBXFileReference; fileEncoding = 4; lastKnownFileType = sourcecode.swift; path = Theme.swift; sourceTree = "<group>"; };
		2E5322DB1CFB7F65009DC03D /* MainViewController.swift */ = {isa = PBXFileReference; fileEncoding = 4; lastKnownFileType = sourcecode.swift; path = MainViewController.swift; sourceTree = "<group>"; };
		2E5322DC1CFB7F65009DC03D /* MainViewController.xib */ = {isa = PBXFileReference; fileEncoding = 4; lastKnownFileType = file.xib; path = MainViewController.xib; sourceTree = "<group>"; };
		2E5322E01CFB9074009DC03D /* CoreLocation.framework */ = {isa = PBXFileReference; lastKnownFileType = wrapper.framework; name = CoreLocation.framework; path = System/Library/Frameworks/CoreLocation.framework; sourceTree = SDKROOT; };
		2E5322E21CFB9081009DC03D /* Location Manager.swift */ = {isa = PBXFileReference; fileEncoding = 4; lastKnownFileType = sourcecode.swift; path = "Location Manager.swift"; sourceTree = "<group>"; };
		2ECB3A701D3C326B007A1F77 /* PreviousSunEventView.xib */ = {isa = PBXFileReference; fileEncoding = 4; lastKnownFileType = file.xib; path = PreviousSunEventView.xib; sourceTree = "<group>"; };
		2ECB3A721D3C328E007A1F77 /* PreviousSunEventView.swift */ = {isa = PBXFileReference; fileEncoding = 4; lastKnownFileType = sourcecode.swift; path = PreviousSunEventView.swift; sourceTree = "<group>"; };
		4DE6288AEAF110B2C5CC1215 /* Pods-Nox.debug.xcconfig */ = {isa = PBXFileReference; includeInIndex = 1; lastKnownFileType = text.xcconfig; name = "Pods-Nox.debug.xcconfig"; path = "Pods/Target Support Files/Pods-Nox/Pods-Nox.debug.xcconfig"; sourceTree = "<group>"; };
		57890B72B0F86E4941B484F0 /* Pods-Nox Widget.debug.xcconfig */ = {isa = PBXFileReference; includeInIndex = 1; lastKnownFileType = text.xcconfig; name = "Pods-Nox Widget.debug.xcconfig"; path = "Pods/Target Support Files/Pods-Nox Widget/Pods-Nox Widget.debug.xcconfig"; sourceTree = "<group>"; };
		C6EE095A9E53132123307087 /* Pods-Nox.release.xcconfig */ = {isa = PBXFileReference; includeInIndex = 1; lastKnownFileType = text.xcconfig; name = "Pods-Nox.release.xcconfig"; path = "Pods/Target Support Files/Pods-Nox/Pods-Nox.release.xcconfig"; sourceTree = "<group>"; };
		D81295061CFB7ECF00FF39BA /* SunEvent.swift */ = {isa = PBXFileReference; fileEncoding = 4; lastKnownFileType = sourcecode.swift; path = SunEvent.swift; sourceTree = "<group>"; };
		D81295091CFB940E00FF39BA /* Strings.swift */ = {isa = PBXFileReference; fileEncoding = 4; lastKnownFileType = sourcecode.swift; path = Strings.swift; sourceTree = "<group>"; };
		D88A683C1D1CCD5B00926725 /* SettingsViewController.swift */ = {isa = PBXFileReference; fileEncoding = 4; lastKnownFileType = sourcecode.swift; path = SettingsViewController.swift; sourceTree = "<group>"; };
		D88A683D1D1CCD5B00926725 /* SettingsViewController.xib */ = {isa = PBXFileReference; fileEncoding = 4; lastKnownFileType = file.xib; path = SettingsViewController.xib; sourceTree = "<group>"; };
		D88A68411D25FC8100926725 /* SettingsCoordinator.swift */ = {isa = PBXFileReference; fileEncoding = 4; lastKnownFileType = sourcecode.swift; path = SettingsCoordinator.swift; sourceTree = "<group>"; };
		D88A68431D260AEE00926725 /* NotificationCustomizationViewController.swift */ = {isa = PBXFileReference; fileEncoding = 4; lastKnownFileType = sourcecode.swift; path = NotificationCustomizationViewController.swift; sourceTree = "<group>"; };
		D88A68441D260AEE00926725 /* NotificationCustomizationViewController.xib */ = {isa = PBXFileReference; fileEncoding = 4; lastKnownFileType = file.xib; path = NotificationCustomizationViewController.xib; sourceTree = "<group>"; };
		D88A68481D282BC100926725 /* NotificationCustomizationCollectionViewExtras.swift */ = {isa = PBXFileReference; fileEncoding = 4; lastKnownFileType = sourcecode.swift; path = NotificationCustomizationCollectionViewExtras.swift; sourceTree = "<group>"; };
		D88A684A1D282DF800926725 /* NotificationCustomizationCollectionViewCell.swift */ = {isa = PBXFileReference; fileEncoding = 4; lastKnownFileType = sourcecode.swift; path = NotificationCustomizationCollectionViewCell.swift; sourceTree = "<group>"; };
		D88A684B1D282DF800926725 /* NotificationCustomizationCollectionViewCell.xib */ = {isa = PBXFileReference; fileEncoding = 4; lastKnownFileType = file.xib; path = NotificationCustomizationCollectionViewCell.xib; sourceTree = "<group>"; };
		D8C9C5C21D3190B000FC14EE /* AboutViewController.swift */ = {isa = PBXFileReference; fileEncoding = 4; lastKnownFileType = sourcecode.swift; path = AboutViewController.swift; sourceTree = "<group>"; };
		D8C9C5C31D3190B000FC14EE /* AboutViewController.xib */ = {isa = PBXFileReference; fileEncoding = 4; lastKnownFileType = file.xib; path = AboutViewController.xib; sourceTree = "<group>"; };
		D8C9C5C61D3190CC00FC14EE /* CreditsViewController.swift */ = {isa = PBXFileReference; fileEncoding = 4; lastKnownFileType = sourcecode.swift; path = CreditsViewController.swift; sourceTree = "<group>"; };
		D8C9C5C71D3190CC00FC14EE /* CreditsViewController.xib */ = {isa = PBXFileReference; fileEncoding = 4; lastKnownFileType = file.xib; path = CreditsViewController.xib; sourceTree = "<group>"; };
		D8FD3EA31D4E7EF40029AF20 /* Nox Widget.appex */ = {isa = PBXFileReference; explicitFileType = "wrapper.app-extension"; includeInIndex = 0; path = "Nox Widget.appex"; sourceTree = BUILT_PRODUCTS_DIR; };
		D8FD3EA41D4E7EF40029AF20 /* NotificationCenter.framework */ = {isa = PBXFileReference; lastKnownFileType = wrapper.framework; name = NotificationCenter.framework; path = System/Library/Frameworks/NotificationCenter.framework; sourceTree = SDKROOT; };
		D8FD3EA71D4E7EF40029AF20 /* TodayViewController.swift */ = {isa = PBXFileReference; lastKnownFileType = sourcecode.swift; path = TodayViewController.swift; sourceTree = "<group>"; };
		D8FD3EAA1D4E7EF40029AF20 /* Base */ = {isa = PBXFileReference; lastKnownFileType = file.storyboard; name = Base; path = Base.lproj/MainInterface.storyboard; sourceTree = "<group>"; };
		D8FD3EAC1D4E7EF40029AF20 /* Info.plist */ = {isa = PBXFileReference; lastKnownFileType = text.plist.xml; path = Info.plist; sourceTree = "<group>"; };
		E21844BA665F791144B84E2F /* Pods_Nox.framework */ = {isa = PBXFileReference; explicitFileType = wrapper.framework; includeInIndex = 0; path = Pods_Nox.framework; sourceTree = BUILT_PRODUCTS_DIR; };
		F97A622C1DE9AA469003C6CC /* Pods_Nox_Widget.framework */ = {isa = PBXFileReference; explicitFileType = wrapper.framework; includeInIndex = 0; path = Pods_Nox_Widget.framework; sourceTree = BUILT_PRODUCTS_DIR; };
		FFB63B376CAF2BB03F519477 /* Pods-Nox Widget.release.xcconfig */ = {isa = PBXFileReference; includeInIndex = 1; lastKnownFileType = text.xcconfig; name = "Pods-Nox Widget.release.xcconfig"; path = "Pods/Target Support Files/Pods-Nox Widget/Pods-Nox Widget.release.xcconfig"; sourceTree = "<group>"; };
/* End PBXFileReference section */

/* Begin PBXFrameworksBuildPhase section */
		2E038F801CFA5F7D00C3E97C /* Frameworks */ = {
			isa = PBXFrameworksBuildPhase;
			buildActionMask = 2147483647;
			files = (
				2E5322E11CFB9074009DC03D /* CoreLocation.framework in Frameworks */,
				1A96F80942B79EF8142A025F /* Pods_Nox.framework in Frameworks */,
			);
			runOnlyForDeploymentPostprocessing = 0;
		};
		D8FD3EA01D4E7EF40029AF20 /* Frameworks */ = {
			isa = PBXFrameworksBuildPhase;
			buildActionMask = 2147483647;
			files = (
				D8FD3EA51D4E7EF40029AF20 /* NotificationCenter.framework in Frameworks */,
				1B0AD4BBE688839BC57FFFBD /* Pods_Nox_Widget.framework in Frameworks */,
			);
			runOnlyForDeploymentPostprocessing = 0;
		};
/* End PBXFrameworksBuildPhase section */

/* Begin PBXGroup section */
		2E038F7A1CFA5F7D00C3E97C = {
			isa = PBXGroup;
			children = (
				2E038F851CFA5F7D00C3E97C /* Nox */,
				D8FD3EA61D4E7EF40029AF20 /* Nox Widget */,
				2E038F841CFA5F7D00C3E97C /* Products */,
				3FE76843A0E0B6BA71F829E5 /* Pods */,
				935D40D6F5C515DDB794C578 /* Frameworks */,
			);
			sourceTree = "<group>";
		};
		2E038F841CFA5F7D00C3E97C /* Products */ = {
			isa = PBXGroup;
			children = (
				2E038F831CFA5F7D00C3E97C /* Nox.app */,
				D8FD3EA31D4E7EF40029AF20 /* Nox Widget.appex */,
			);
			name = Products;
			sourceTree = "<group>";
		};
		2E038F851CFA5F7D00C3E97C /* Nox */ = {
			isa = PBXGroup;
			children = (
				2E038F861CFA5F7D00C3E97C /* AppDelegate.swift */,
				2E5322D71CFB7C6B009DC03D /* AppCoordinator.swift */,
				D88A68411D25FC8100926725 /* SettingsCoordinator.swift */,
				2E5322E21CFB9081009DC03D /* Location Manager.swift */,
				2E5322DF1CFB7F68009DC03D /* Main View Controller */,
				D88A68401D1CCD6A00926725 /* Settings View Controller */,
				D88A68471D260AF300926725 /* Notification Customization View Controller */,
				D8C9C5C01D318F9500FC14EE /* About View Controller */,
				2ECB3A6F1D3C324A007A1F77 /* Views */,
				D8C9C5C11D318F9F00FC14EE /* Credits */,
				2E5322D91CFB7E4C009DC03D /* Theme.swift */,
				D81295091CFB940E00FF39BA /* Strings.swift */,
				D81295061CFB7ECF00FF39BA /* SunEvent.swift */,
				2E038F8D1CFA5F7D00C3E97C /* Assets.xcassets */,
				2E038F8F1CFA5F7D00C3E97C /* LaunchScreen.storyboard */,
				2E038F921CFA5F7D00C3E97C /* Info.plist */,
			);
			path = Nox;
			sourceTree = "<group>";
		};
		2E5322DF1CFB7F68009DC03D /* Main View Controller */ = {
			isa = PBXGroup;
			children = (
				2E5322DB1CFB7F65009DC03D /* MainViewController.swift */,
				2E5322DC1CFB7F65009DC03D /* MainViewController.xib */,
			);
			name = "Main View Controller";
			sourceTree = "<group>";
		};
		2ECB3A6F1D3C324A007A1F77 /* Views */ = {
			isa = PBXGroup;
			children = (
				2ECB3A721D3C328E007A1F77 /* PreviousSunEventView.swift */,
				2ECB3A701D3C326B007A1F77 /* PreviousSunEventView.xib */,
			);
			name = Views;
			sourceTree = "<group>";
		};
		3FE76843A0E0B6BA71F829E5 /* Pods */ = {
			isa = PBXGroup;
			children = (
				4DE6288AEAF110B2C5CC1215 /* Pods-Nox.debug.xcconfig */,
				C6EE095A9E53132123307087 /* Pods-Nox.release.xcconfig */,
				57890B72B0F86E4941B484F0 /* Pods-Nox Widget.debug.xcconfig */,
				FFB63B376CAF2BB03F519477 /* Pods-Nox Widget.release.xcconfig */,
			);
			name = Pods;
			sourceTree = "<group>";
		};
		935D40D6F5C515DDB794C578 /* Frameworks */ = {
			isa = PBXGroup;
			children = (
				2E5322E01CFB9074009DC03D /* CoreLocation.framework */,
				E21844BA665F791144B84E2F /* Pods_Nox.framework */,
				D8FD3EA41D4E7EF40029AF20 /* NotificationCenter.framework */,
				F97A622C1DE9AA469003C6CC /* Pods_Nox_Widget.framework */,
			);
			name = Frameworks;
			sourceTree = "<group>";
		};
		D88A68401D1CCD6A00926725 /* Settings View Controller */ = {
			isa = PBXGroup;
			children = (
				D88A683C1D1CCD5B00926725 /* SettingsViewController.swift */,
				D88A683D1D1CCD5B00926725 /* SettingsViewController.xib */,
			);
			name = "Settings View Controller";
			sourceTree = "<group>";
		};
		D88A68471D260AF300926725 /* Notification Customization View Controller */ = {
			isa = PBXGroup;
			children = (
				D88A68431D260AEE00926725 /* NotificationCustomizationViewController.swift */,
				D88A68441D260AEE00926725 /* NotificationCustomizationViewController.xib */,
				D88A68481D282BC100926725 /* NotificationCustomizationCollectionViewExtras.swift */,
				D88A684A1D282DF800926725 /* NotificationCustomizationCollectionViewCell.swift */,
				D88A684B1D282DF800926725 /* NotificationCustomizationCollectionViewCell.xib */,
			);
			name = "Notification Customization View Controller";
			sourceTree = "<group>";
		};
		D8C9C5C01D318F9500FC14EE /* About View Controller */ = {
			isa = PBXGroup;
			children = (
				D8C9C5C21D3190B000FC14EE /* AboutViewController.swift */,
				D8C9C5C31D3190B000FC14EE /* AboutViewController.xib */,
			);
			name = "About View Controller";
			sourceTree = "<group>";
		};
		D8C9C5C11D318F9F00FC14EE /* Credits */ = {
			isa = PBXGroup;
			children = (
				D8C9C5C61D3190CC00FC14EE /* CreditsViewController.swift */,
				D8C9C5C71D3190CC00FC14EE /* CreditsViewController.xib */,
			);
			name = Credits;
			sourceTree = "<group>";
		};
		D8FD3EA61D4E7EF40029AF20 /* Nox Widget */ = {
			isa = PBXGroup;
			children = (
				D8FD3EA71D4E7EF40029AF20 /* TodayViewController.swift */,
				D8FD3EA91D4E7EF40029AF20 /* MainInterface.storyboard */,
				D8FD3EAC1D4E7EF40029AF20 /* Info.plist */,
			);
			path = "Nox Widget";
			sourceTree = "<group>";
		};
/* End PBXGroup section */

/* Begin PBXNativeTarget section */
		2E038F821CFA5F7D00C3E97C /* Nox */ = {
			isa = PBXNativeTarget;
			buildConfigurationList = 2E038F951CFA5F7D00C3E97C /* Build configuration list for PBXNativeTarget "Nox" */;
			buildPhases = (
				B35F0443463C398E58C1DC8B /* [CP] Check Pods Manifest.lock */,
				312CA406391B4C4795637DDF /* [CP] Check Pods Manifest.lock */,
				2E038F7F1CFA5F7D00C3E97C /* Sources */,
				2E038F801CFA5F7D00C3E97C /* Frameworks */,
				2E038F811CFA5F7D00C3E97C /* Resources */,
				1AF9856CA8E98AC27E02641F /* [CP] Embed Pods Frameworks */,
				5D0793A46C0D321D91120B50 /* [CP] Copy Pods Resources */,
				D81295081CFB8FDF00FF39BA /* ShellScript */,
				D8FD3EB31D4E7EF40029AF20 /* Embed App Extensions */,
				CE2328F4ECB5AFEAA4A15A7E /* 📦 Embed Pods Frameworks */,
				1A91D854087531F8ACBDC221 /* 📦 Copy Pods Resources */,
			);
			buildRules = (
			);
			dependencies = (
				D8FD3EAE1D4E7EF40029AF20 /* PBXTargetDependency */,
			);
			name = Nox;
			productName = Nox;
			productReference = 2E038F831CFA5F7D00C3E97C /* Nox.app */;
			productType = "com.apple.product-type.application";
		};
		D8FD3EA21D4E7EF40029AF20 /* Nox Widget */ = {
			isa = PBXNativeTarget;
			buildConfigurationList = D8FD3EB21D4E7EF40029AF20 /* Build configuration list for PBXNativeTarget "Nox Widget" */;
			buildPhases = (
				58B90596FDB73ACDED965CB4 /* [CP] Check Pods Manifest.lock */,
				D8FD3E9F1D4E7EF40029AF20 /* Sources */,
				D8FD3EA01D4E7EF40029AF20 /* Frameworks */,
				D8FD3EA11D4E7EF40029AF20 /* Resources */,
				241487299559622054278C5E /* [CP] Embed Pods Frameworks */,
				2E9920D10AB57899EE11C2AF /* [CP] Copy Pods Resources */,
			);
			buildRules = (
			);
			dependencies = (
			);
			name = "Nox Widget";
			productName = "Nox Widget";
			productReference = D8FD3EA31D4E7EF40029AF20 /* Nox Widget.appex */;
			productType = "com.apple.product-type.app-extension";
		};
/* End PBXNativeTarget section */

/* Begin PBXProject section */
		2E038F7B1CFA5F7D00C3E97C /* Project object */ = {
			isa = PBXProject;
			attributes = {
				LastSwiftUpdateCheck = 0730;
				LastUpgradeCheck = 0730;
				ORGANIZATIONNAME = "Chase McCoy";
				TargetAttributes = {
					2E038F821CFA5F7D00C3E97C = {
						CreatedOnToolsVersion = 7.3;
						DevelopmentTeam = UCUX5A4U9R;
					};
					D8FD3EA21D4E7EF40029AF20 = {
						CreatedOnToolsVersion = 7.3.1;
						DevelopmentTeam = UCUX5A4U9R;
					};
				};
			};
			buildConfigurationList = 2E038F7E1CFA5F7D00C3E97C /* Build configuration list for PBXProject "Nox" */;
			compatibilityVersion = "Xcode 3.2";
			developmentRegion = English;
			hasScannedForEncodings = 0;
			knownRegions = (
				en,
				Base,
			);
			mainGroup = 2E038F7A1CFA5F7D00C3E97C;
			productRefGroup = 2E038F841CFA5F7D00C3E97C /* Products */;
			projectDirPath = "";
			projectRoot = "";
			targets = (
				2E038F821CFA5F7D00C3E97C /* Nox */,
				D8FD3EA21D4E7EF40029AF20 /* Nox Widget */,
			);
		};
/* End PBXProject section */

/* Begin PBXResourcesBuildPhase section */
		2E038F811CFA5F7D00C3E97C /* Resources */ = {
			isa = PBXResourcesBuildPhase;
			buildActionMask = 2147483647;
			files = (
				2E038F911CFA5F7D00C3E97C /* LaunchScreen.storyboard in Resources */,
				D8C9C5C51D3190B000FC14EE /* AboutViewController.xib in Resources */,
				2E5322DE1CFB7F65009DC03D /* MainViewController.xib in Resources */,
				D88A68461D260AEE00926725 /* NotificationCustomizationViewController.xib in Resources */,
				D88A684D1D282DF800926725 /* NotificationCustomizationCollectionViewCell.xib in Resources */,
				2ECB3A711D3C326B007A1F77 /* PreviousSunEventView.xib in Resources */,
				2E038F8E1CFA5F7D00C3E97C /* Assets.xcassets in Resources */,
				D88A683F1D1CCD5B00926725 /* SettingsViewController.xib in Resources */,
				D8C9C5C91D3190CC00FC14EE /* CreditsViewController.xib in Resources */,
			);
			runOnlyForDeploymentPostprocessing = 0;
		};
		D8FD3EA11D4E7EF40029AF20 /* Resources */ = {
			isa = PBXResourcesBuildPhase;
			buildActionMask = 2147483647;
			files = (
				D8FD3EAB1D4E7EF40029AF20 /* MainInterface.storyboard in Resources */,
			);
			runOnlyForDeploymentPostprocessing = 0;
		};
/* End PBXResourcesBuildPhase section */

/* Begin PBXShellScriptBuildPhase section */
		1A91D854087531F8ACBDC221 /* 📦 Copy Pods Resources */ = {
			isa = PBXShellScriptBuildPhase;
			buildActionMask = 2147483647;
			files = (
			);
			inputPaths = (
			);
			name = "📦 Copy Pods Resources";
			outputPaths = (
			);
			runOnlyForDeploymentPostprocessing = 0;
			shellPath = /bin/sh;
			shellScript = "\"${SRCROOT}/Pods/Target Support Files/Pods-Nox/Pods-Nox-resources.sh\"\n";
			showEnvVarsInLog = 0;
		};
		1AF9856CA8E98AC27E02641F /* [CP] Embed Pods Frameworks */ = {
			isa = PBXShellScriptBuildPhase;
			buildActionMask = 2147483647;
			files = (
			);
			inputPaths = (
			);
			name = "[CP] Embed Pods Frameworks";
			outputPaths = (
			);
			runOnlyForDeploymentPostprocessing = 0;
			shellPath = /bin/sh;
			shellScript = "\"${SRCROOT}/Pods/Target Support Files/Pods-Nox/Pods-Nox-frameworks.sh\"\n";
			showEnvVarsInLog = 0;
		};
		241487299559622054278C5E /* [CP] Embed Pods Frameworks */ = {
			isa = PBXShellScriptBuildPhase;
			buildActionMask = 2147483647;
			files = (
			);
			inputPaths = (
			);
			name = "[CP] Embed Pods Frameworks";
			outputPaths = (
			);
			runOnlyForDeploymentPostprocessing = 0;
			shellPath = /bin/sh;
			shellScript = "\"${SRCROOT}/Pods/Target Support Files/Pods-Nox Widget/Pods-Nox Widget-frameworks.sh\"\n";
			showEnvVarsInLog = 0;
		};
		2E9920D10AB57899EE11C2AF /* [CP] Copy Pods Resources */ = {
			isa = PBXShellScriptBuildPhase;
			buildActionMask = 2147483647;
			files = (
			);
			inputPaths = (
			);
			name = "[CP] Copy Pods Resources";
			outputPaths = (
			);
			runOnlyForDeploymentPostprocessing = 0;
			shellPath = /bin/sh;
			shellScript = "\"${SRCROOT}/Pods/Target Support Files/Pods-Nox Widget/Pods-Nox Widget-resources.sh\"\n";
			showEnvVarsInLog = 0;
		};
		312CA406391B4C4795637DDF /* [CP] Check Pods Manifest.lock */ = {
			isa = PBXShellScriptBuildPhase;
			buildActionMask = 2147483647;
			files = (
			);
			inputPaths = (
			);
			name = "[CP] Check Pods Manifest.lock";
			outputPaths = (
			);
			runOnlyForDeploymentPostprocessing = 0;
			shellPath = /bin/sh;
			shellScript = "diff \"${PODS_ROOT}/../Podfile.lock\" \"${PODS_ROOT}/Manifest.lock\" > /dev/null\nif [[ $? != 0 ]] ; then\n    cat << EOM\nerror: The sandbox is not in sync with the Podfile.lock. Run 'pod install' or update your CocoaPods installation.\nEOM\n    exit 1\nfi\n";
			showEnvVarsInLog = 0;
		};
		58B90596FDB73ACDED965CB4 /* [CP] Check Pods Manifest.lock */ = {
			isa = PBXShellScriptBuildPhase;
			buildActionMask = 2147483647;
			files = (
			);
			inputPaths = (
			);
			name = "[CP] Check Pods Manifest.lock";
			outputPaths = (
			);
			runOnlyForDeploymentPostprocessing = 0;
			shellPath = /bin/sh;
			shellScript = "diff \"${PODS_ROOT}/../Podfile.lock\" \"${PODS_ROOT}/Manifest.lock\" > /dev/null\nif [[ $? != 0 ]] ; then\n    cat << EOM\nerror: The sandbox is not in sync with the Podfile.lock. Run 'pod install' or update your CocoaPods installation.\nEOM\n    exit 1\nfi\n";
			showEnvVarsInLog = 0;
		};
		5D0793A46C0D321D91120B50 /* [CP] Copy Pods Resources */ = {
			isa = PBXShellScriptBuildPhase;
			buildActionMask = 2147483647;
			files = (
			);
			inputPaths = (
			);
			name = "[CP] Copy Pods Resources";
			outputPaths = (
			);
			runOnlyForDeploymentPostprocessing = 0;
			shellPath = /bin/sh;
			shellScript = "\"${SRCROOT}/Pods/Target Support Files/Pods-Nox/Pods-Nox-resources.sh\"\n";
			showEnvVarsInLog = 0;
		};
		B35F0443463C398E58C1DC8B /* [CP] Check Pods Manifest.lock */ = {
			isa = PBXShellScriptBuildPhase;
			buildActionMask = 2147483647;
			files = (
			);
			inputPaths = (
			);
			name = "[CP] Check Pods Manifest.lock";
			outputPaths = (
			);
			runOnlyForDeploymentPostprocessing = 0;
			shellPath = /bin/sh;
			shellScript = "diff \"${PODS_ROOT}/../Podfile.lock\" \"${PODS_ROOT}/Manifest.lock\" > /dev/null\nif [[ $? != 0 ]] ; then\n    cat << EOM\nerror: The sandbox is not in sync with the Podfile.lock. Run 'pod install' or update your CocoaPods installation.\nEOM\n    exit 1\nfi\n";
			showEnvVarsInLog = 0;
		};
		CE2328F4ECB5AFEAA4A15A7E /* 📦 Embed Pods Frameworks */ = {
			isa = PBXShellScriptBuildPhase;
			buildActionMask = 2147483647;
			files = (
			);
			inputPaths = (
			);
			name = "📦 Embed Pods Frameworks";
			outputPaths = (
			);
			runOnlyForDeploymentPostprocessing = 0;
			shellPath = /bin/sh;
			shellScript = "\"${SRCROOT}/Pods/Target Support Files/Pods-Nox/Pods-Nox-frameworks.sh\"\n";
			showEnvVarsInLog = 0;
		};
		D81295081CFB8FDF00FF39BA /* ShellScript */ = {
			isa = PBXShellScriptBuildPhase;
			buildActionMask = 2147483647;
			files = (
			);
			inputPaths = (
			);
			outputPaths = (
			);
			runOnlyForDeploymentPostprocessing = 0;
			shellPath = /bin/sh;
			shellScript = "TAGS=\"TODO:|FIXME:|DESIGN:\"\nERRORTAG=\"ERROR:\"\nfind \"${SRCROOT}\" \\( -name \"*.h\" -or -name \"*.m\" -or -name \"*.swift\" \\) -print0 | xargs -0 egrep --with-filename --line-number --only-matching \"($TAGS).*\\$|($ERRORTAG).*\\$\" | perl -p -e \"s/($TAGS)/ warning: \\$1/\" | perl -p -e \"s/($ERRORTAG)/ error: \\$1/\"";
		};
/* End PBXShellScriptBuildPhase section */

/* Begin PBXSourcesBuildPhase section */
		2E038F7F1CFA5F7D00C3E97C /* Sources */ = {
			isa = PBXSourcesBuildPhase;
			buildActionMask = 2147483647;
			files = (
				2E5322DA1CFB7E4C009DC03D /* Theme.swift in Sources */,
				D8C9C5C81D3190CC00FC14EE /* CreditsViewController.swift in Sources */,
				2E5322E31CFB9081009DC03D /* Location Manager.swift in Sources */,
				2ECB3A731D3C328E007A1F77 /* PreviousSunEventView.swift in Sources */,
				D81295071CFB7ECF00FF39BA /* SunEvent.swift in Sources */,
				D88A684C1D282DF800926725 /* NotificationCustomizationCollectionViewCell.swift in Sources */,
				2E5322D81CFB7C6B009DC03D /* AppCoordinator.swift in Sources */,
				D88A68421D25FC8100926725 /* SettingsCoordinator.swift in Sources */,
				D88A68451D260AEE00926725 /* NotificationCustomizationViewController.swift in Sources */,
				D88A68491D282BC100926725 /* NotificationCustomizationCollectionViewExtras.swift in Sources */,
				2E038F871CFA5F7D00C3E97C /* AppDelegate.swift in Sources */,
				D812950A1CFB940E00FF39BA /* Strings.swift in Sources */,
				2E5322DD1CFB7F65009DC03D /* MainViewController.swift in Sources */,
				D8C9C5C41D3190B000FC14EE /* AboutViewController.swift in Sources */,
				D88A683E1D1CCD5B00926725 /* SettingsViewController.swift in Sources */,
			);
			runOnlyForDeploymentPostprocessing = 0;
		};
		D8FD3E9F1D4E7EF40029AF20 /* Sources */ = {
			isa = PBXSourcesBuildPhase;
			buildActionMask = 2147483647;
			files = (
				D8FD3EA81D4E7EF40029AF20 /* TodayViewController.swift in Sources */,
				D8FD3EB61D4E7F3B0029AF20 /* Theme.swift in Sources */,
				D8FD3EB51D4E7F2F0029AF20 /* Strings.swift in Sources */,
				D8FD3EB41D4E7F2C0029AF20 /* SunEvent.swift in Sources */,
			);
			runOnlyForDeploymentPostprocessing = 0;
		};
/* End PBXSourcesBuildPhase section */

/* Begin PBXTargetDependency section */
		D8FD3EAE1D4E7EF40029AF20 /* PBXTargetDependency */ = {
			isa = PBXTargetDependency;
			target = D8FD3EA21D4E7EF40029AF20 /* Nox Widget */;
			targetProxy = D8FD3EAD1D4E7EF40029AF20 /* PBXContainerItemProxy */;
		};
/* End PBXTargetDependency section */

/* Begin PBXVariantGroup section */
		2E038F8F1CFA5F7D00C3E97C /* LaunchScreen.storyboard */ = {
			isa = PBXVariantGroup;
			children = (
				2E038F901CFA5F7D00C3E97C /* Base */,
			);
			name = LaunchScreen.storyboard;
			sourceTree = "<group>";
		};
		D8FD3EA91D4E7EF40029AF20 /* MainInterface.storyboard */ = {
			isa = PBXVariantGroup;
			children = (
				D8FD3EAA1D4E7EF40029AF20 /* Base */,
			);
			name = MainInterface.storyboard;
			sourceTree = "<group>";
		};
/* End PBXVariantGroup section */

/* Begin XCBuildConfiguration section */
		2E038F931CFA5F7D00C3E97C /* Debug */ = {
			isa = XCBuildConfiguration;
			buildSettings = {
				ALWAYS_SEARCH_USER_PATHS = NO;
				CLANG_ANALYZER_NONNULL = YES;
				CLANG_CXX_LANGUAGE_STANDARD = "gnu++0x";
				CLANG_CXX_LIBRARY = "libc++";
				CLANG_ENABLE_MODULES = YES;
				CLANG_ENABLE_OBJC_ARC = YES;
				CLANG_WARN_BOOL_CONVERSION = YES;
				CLANG_WARN_CONSTANT_CONVERSION = YES;
				CLANG_WARN_DIRECT_OBJC_ISA_USAGE = YES_ERROR;
				CLANG_WARN_EMPTY_BODY = YES;
				CLANG_WARN_ENUM_CONVERSION = YES;
				CLANG_WARN_INT_CONVERSION = YES;
				CLANG_WARN_OBJC_ROOT_CLASS = YES_ERROR;
				CLANG_WARN_UNREACHABLE_CODE = YES;
				CLANG_WARN__DUPLICATE_METHOD_MATCH = YES;
				"CODE_SIGN_IDENTITY[sdk=iphoneos*]" = "iPhone Developer";
				COPY_PHASE_STRIP = NO;
				DEBUG_INFORMATION_FORMAT = dwarf;
				ENABLE_STRICT_OBJC_MSGSEND = YES;
				ENABLE_TESTABILITY = YES;
				GCC_C_LANGUAGE_STANDARD = gnu99;
				GCC_DYNAMIC_NO_PIC = NO;
				GCC_NO_COMMON_BLOCKS = YES;
				GCC_OPTIMIZATION_LEVEL = 0;
				GCC_PREPROCESSOR_DEFINITIONS = (
					"DEBUG=1",
					"$(inherited)",
				);
				GCC_WARN_64_TO_32_BIT_CONVERSION = YES;
				GCC_WARN_ABOUT_RETURN_TYPE = YES_ERROR;
				GCC_WARN_UNDECLARED_SELECTOR = YES;
				GCC_WARN_UNINITIALIZED_AUTOS = YES_AGGRESSIVE;
				GCC_WARN_UNUSED_FUNCTION = YES;
				GCC_WARN_UNUSED_VARIABLE = YES;
				IPHONEOS_DEPLOYMENT_TARGET = 9.3;
				MTL_ENABLE_DEBUG_INFO = YES;
				ONLY_ACTIVE_ARCH = YES;
				SDKROOT = iphoneos;
				SWIFT_OPTIMIZATION_LEVEL = "-Onone";
			};
			name = Debug;
		};
		2E038F941CFA5F7D00C3E97C /* Release */ = {
			isa = XCBuildConfiguration;
			buildSettings = {
				ALWAYS_SEARCH_USER_PATHS = NO;
				CLANG_ANALYZER_NONNULL = YES;
				CLANG_CXX_LANGUAGE_STANDARD = "gnu++0x";
				CLANG_CXX_LIBRARY = "libc++";
				CLANG_ENABLE_MODULES = YES;
				CLANG_ENABLE_OBJC_ARC = YES;
				CLANG_WARN_BOOL_CONVERSION = YES;
				CLANG_WARN_CONSTANT_CONVERSION = YES;
				CLANG_WARN_DIRECT_OBJC_ISA_USAGE = YES_ERROR;
				CLANG_WARN_EMPTY_BODY = YES;
				CLANG_WARN_ENUM_CONVERSION = YES;
				CLANG_WARN_INT_CONVERSION = YES;
				CLANG_WARN_OBJC_ROOT_CLASS = YES_ERROR;
				CLANG_WARN_UNREACHABLE_CODE = YES;
				CLANG_WARN__DUPLICATE_METHOD_MATCH = YES;
				"CODE_SIGN_IDENTITY[sdk=iphoneos*]" = "iPhone Developer";
				COPY_PHASE_STRIP = NO;
				DEBUG_INFORMATION_FORMAT = "dwarf-with-dsym";
				ENABLE_NS_ASSERTIONS = NO;
				ENABLE_STRICT_OBJC_MSGSEND = YES;
				GCC_C_LANGUAGE_STANDARD = gnu99;
				GCC_NO_COMMON_BLOCKS = YES;
				GCC_WARN_64_TO_32_BIT_CONVERSION = YES;
				GCC_WARN_ABOUT_RETURN_TYPE = YES_ERROR;
				GCC_WARN_UNDECLARED_SELECTOR = YES;
				GCC_WARN_UNINITIALIZED_AUTOS = YES_AGGRESSIVE;
				GCC_WARN_UNUSED_FUNCTION = YES;
				GCC_WARN_UNUSED_VARIABLE = YES;
				IPHONEOS_DEPLOYMENT_TARGET = 9.3;
				MTL_ENABLE_DEBUG_INFO = NO;
				SDKROOT = iphoneos;
				VALIDATE_PRODUCT = YES;
			};
			name = Release;
		};
		2E038F961CFA5F7D00C3E97C /* Debug */ = {
			isa = XCBuildConfiguration;
			baseConfigurationReference = 4DE6288AEAF110B2C5CC1215 /* Pods-Nox.debug.xcconfig */;
			buildSettings = {
				ASSETCATALOG_COMPILER_APPICON_NAME = AppIcon;
				CODE_SIGN_IDENTITY = "iPhone Developer";
				"CODE_SIGN_IDENTITY[sdk=iphoneos*]" = "iPhone Developer";
				EMBEDDED_CONTENT_CONTAINS_SWIFT = "$(inherited)";
				INFOPLIST_FILE = Nox/Info.plist;
				LD_RUNPATH_SEARCH_PATHS = "$(inherited) @executable_path/Frameworks";
				PRODUCT_BUNDLE_IDENTIFIER = com.chasemccoy.Sunset;
				PRODUCT_NAME = "$(TARGET_NAME)";
				PROVISIONING_PROFILE = "";
			};
			name = Debug;
		};
		2E038F971CFA5F7D00C3E97C /* Release */ = {
			isa = XCBuildConfiguration;
			baseConfigurationReference = C6EE095A9E53132123307087 /* Pods-Nox.release.xcconfig */;
			buildSettings = {
				ASSETCATALOG_COMPILER_APPICON_NAME = AppIcon;
				CODE_SIGN_IDENTITY = "iPhone Developer";
				"CODE_SIGN_IDENTITY[sdk=iphoneos*]" = "iPhone Developer";
				EMBEDDED_CONTENT_CONTAINS_SWIFT = "$(inherited)";
				INFOPLIST_FILE = Nox/Info.plist;
				LD_RUNPATH_SEARCH_PATHS = "$(inherited) @executable_path/Frameworks";
				PRODUCT_BUNDLE_IDENTIFIER = com.chasemccoy.Sunset;
				PRODUCT_NAME = "$(TARGET_NAME)";
				PROVISIONING_PROFILE = "";
			};
			name = Release;
		};
		D8FD3EB01D4E7EF40029AF20 /* Debug */ = {
			isa = XCBuildConfiguration;
			baseConfigurationReference = 57890B72B0F86E4941B484F0 /* Pods-Nox Widget.debug.xcconfig */;
			buildSettings = {
				CODE_SIGN_IDENTITY = "iPhone Developer";
				"CODE_SIGN_IDENTITY[sdk=iphoneos*]" = "iPhone Developer";
				INFOPLIST_FILE = "Nox Widget/Info.plist";
				LD_RUNPATH_SEARCH_PATHS = "$(inherited) @executable_path/Frameworks @executable_path/../../Frameworks";
				PRODUCT_BUNDLE_IDENTIFIER = "com.chasemccoy.Sunset.Nox-Widget";
				PRODUCT_NAME = "$(TARGET_NAME)";
				SKIP_INSTALL = YES;
			};
			name = Debug;
		};
		D8FD3EB11D4E7EF40029AF20 /* Release */ = {
			isa = XCBuildConfiguration;
			baseConfigurationReference = FFB63B376CAF2BB03F519477 /* Pods-Nox Widget.release.xcconfig */;
			buildSettings = {
				CODE_SIGN_IDENTITY = "iPhone Developer";
				"CODE_SIGN_IDENTITY[sdk=iphoneos*]" = "iPhone Developer";
				INFOPLIST_FILE = "Nox Widget/Info.plist";
				LD_RUNPATH_SEARCH_PATHS = "$(inherited) @executable_path/Frameworks @executable_path/../../Frameworks";
				PRODUCT_BUNDLE_IDENTIFIER = "com.chasemccoy.Sunset.Nox-Widget";
				PRODUCT_NAME = "$(TARGET_NAME)";
				SKIP_INSTALL = YES;
			};
			name = Release;
		};
/* End XCBuildConfiguration section */

/* Begin XCConfigurationList section */
		2E038F7E1CFA5F7D00C3E97C /* Build configuration list for PBXProject "Nox" */ = {
			isa = XCConfigurationList;
			buildConfigurations = (
				2E038F931CFA5F7D00C3E97C /* Debug */,
				2E038F941CFA5F7D00C3E97C /* Release */,
			);
			defaultConfigurationIsVisible = 0;
			defaultConfigurationName = Release;
		};
		2E038F951CFA5F7D00C3E97C /* Build configuration list for PBXNativeTarget "Nox" */ = {
			isa = XCConfigurationList;
			buildConfigurations = (
				2E038F961CFA5F7D00C3E97C /* Debug */,
				2E038F971CFA5F7D00C3E97C /* Release */,
			);
			defaultConfigurationIsVisible = 0;
			defaultConfigurationName = Release;
		};
		D8FD3EB21D4E7EF40029AF20 /* Build configuration list for PBXNativeTarget "Nox Widget" */ = {
			isa = XCConfigurationList;
			buildConfigurations = (
				D8FD3EB01D4E7EF40029AF20 /* Debug */,
				D8FD3EB11D4E7EF40029AF20 /* Release */,
			);
			defaultConfigurationIsVisible = 0;
			defaultConfigurationName = Release;
		};
/* End XCConfigurationList section */
	};
	rootObject = 2E038F7B1CFA5F7D00C3E97C /* Project object */;
}
